
Microsoft Visual Studio Solution File, Format Version 12.00
# Visual Studio Version 16
VisualStudioVersion = 16.0.29709.97
MinimumVisualStudioVersion = 10.0.40219.1
Project("{FAE04EC0-301F-11D3-BF4B-00C04F79EFBC}") = "MVCMusicStoreCodeFirst", "MVCMusicStoreCodeFirst\MVCMusicStoreCodeFirst.csproj", "{292FFAB7-20F9-401D-8A11-4F88D6600E38}"
EndProject
Global
	GlobalSection(SolutionConfigurationPlatforms) = preSolution
		Debug|Any CPU = Debug|Any CPU
		Release|Any CPU = Release|Any CPU
	EndGlobalSection
	GlobalSection(ProjectConfigurationPlatforms) = postSolution
		{292FFAB7-20F9-401D-8A11-4F88D6600E38}.Debug|Any CPU.ActiveCfg = Debug|Any CPU
		{292FFAB7-20F9-401D-8A11-4F88D6600E38}.Debug|Any CPU.Build.0 = Debug|Any CPU
		{292FFAB7-20F9-401D-8A11-4F88D6600E38}.Release|Any CPU.ActiveCfg = Release|Any CPU
		{292FFAB7-20F9-401D-8A11-4F88D6600E38}.Release|Any CPU.Build.0 = Release|Any CPU
	EndGlobalSection
	GlobalSection(SolutionProperties) = preSolution
		HideSolutionNode = FALSE
	EndGlobalSection
	GlobalSection(ExtensibilityGlobals) = postSolution
		SolutionGuid = {2D12B906-B581-4774-BA27-0D99ECA83D7D}
	EndGlobalSection
EndGlobal
